// !$*UTF8*$!
{
	archiveVersion = 1;
	classes = {
	};
	objectVersion = 46;
	objects = {

/* Begin PBXBuildFile section */
		96512B6D13CBD75A0028D5A8 /* JenxNotificationCenter.rb in Resources */ = {isa = PBXBuildFile; fileRef = 96512B6C13CBD75A0028D5A8 /* JenxNotificationCenter.rb */; };
		96512B7113CBE2610028D5A8 /* jenx_failure.tiff in Resources */ = {isa = PBXBuildFile; fileRef = 96512B6F13CBE2610028D5A8 /* jenx_failure.tiff */; };
		96512B7213CBE2610028D5A8 /* jenx_success.tiff in Resources */ = {isa = PBXBuildFile; fileRef = 96512B7013CBE2610028D5A8 /* jenx_success.tiff */; };
		9654D82013CAD9AD00FC2602 /* jenx.icns in Resources */ = {isa = PBXBuildFile; fileRef = 9654D81F13CAD9AD00FC2602 /* jenx.icns */; };
		96801662138A3BB800050ED2 /* Growl.framework in Frameworks */ = {isa = PBXBuildFile; fileRef = 96801661138A3BB800050ED2 /* Growl.framework */; settings = {ATTRIBUTES = (Required, ); }; };
		9680166F138A3CDA00050ED2 /* Growl Registration Ticket.growlRegDict in Resources */ = {isa = PBXBuildFile; fileRef = 9680166E138A3CDA00050ED2 /* Growl Registration Ticket.growlRegDict */; };
		96801689138B26F500050ED2 /* JenxConnectionManager.rb in Resources */ = {isa = PBXBuildFile; fileRef = 96801688138B26F500050ED2 /* JenxConnectionManager.rb */; };
		9680168C138B6A2800050ED2 /* JenxConnection.rb in Resources */ = {isa = PBXBuildFile; fileRef = 9680168B138B6A2800050ED2 /* JenxConnection.rb */; };
		96803B6C1384B19300D5DD90 /* refresh.png in Resources */ = {isa = PBXBuildFile; fileRef = 96803B6B1384B19300D5DD90 /* refresh.png */; };
		96803B6E1384B79F00D5DD90 /* projects.png in Resources */ = {isa = PBXBuildFile; fileRef = 96803B6D1384B79F00D5DD90 /* projects.png */; };
		96803B8B1384CA3B00D5DD90 /* build_initiated.tiff in Resources */ = {isa = PBXBuildFile; fileRef = 96803B8A1384CA3B00D5DD90 /* build_initiated.tiff */; };
		96803B8E1384CB4000D5DD90 /* app.tiff in Resources */ = {isa = PBXBuildFile; fileRef = 96803B8C1384CB4000D5DD90 /* app.tiff */; };
		96803B8F1384CB4000D5DD90 /* build_failure.tiff in Resources */ = {isa = PBXBuildFile; fileRef = 96803B8D1384CB4000D5DD90 /* build_failure.tiff */; };
		96B6FD0113860BB8009C1021 /* PreferencesGeneralView.xib in Resources */ = {isa = PBXBuildFile; fileRef = 96B6FD0013860BB8009C1021 /* PreferencesGeneralView.xib */; };
		96B6FD0413860F95009C1021 /* PreferencesGeneralViewController.rb in Resources */ = {isa = PBXBuildFile; fileRef = 96B6FD0313860F95009C1021 /* PreferencesGeneralViewController.rb */; };
		96B6FD0613861B97009C1021 /* PreferencesController.rb in Resources */ = {isa = PBXBuildFile; fileRef = 96B6FD0513861B97009C1021 /* PreferencesController.rb */; };
		96B6FD0813862428009C1021 /* JenxConstants.rb in Resources */ = {isa = PBXBuildFile; fileRef = 96B6FD0713862428009C1021 /* JenxConstants.rb */; };
		96CCF18413838DD50010CC22 /* Cocoa.framework in Frameworks */ = {isa = PBXBuildFile; fileRef = 96CCF18313838DD50010CC22 /* Cocoa.framework */; };
		96CCF18613838DD50010CC22 /* MacRuby.framework in Frameworks */ = {isa = PBXBuildFile; fileRef = 96CCF18513838DD50010CC22 /* MacRuby.framework */; };
		96CCF18D13838DD50010CC22 /* InfoPlist.strings in Resources */ = {isa = PBXBuildFile; fileRef = 96CCF18B13838DD50010CC22 /* InfoPlist.strings */; };
		96CCF19013838DD50010CC22 /* main.m in Sources */ = {isa = PBXBuildFile; fileRef = 96CCF18F13838DD50010CC22 /* main.m */; };
		96CCF19413838DD50010CC22 /* Jenx.xib in Resources */ = {isa = PBXBuildFile; fileRef = 96CCF19213838DD50010CC22 /* Jenx.xib */; };
		96CCF19713838DD50010CC22 /* rb_main.rb in Resources */ = {isa = PBXBuildFile; fileRef = 96CCF19613838DD50010CC22 /* rb_main.rb */; };
		96CCF19913838DD50010CC22 /* Jenx.rb in Resources */ = {isa = PBXBuildFile; fileRef = 96CCF19813838DD50010CC22 /* Jenx.rb */; };
		96EB2829138A04DF00D02D6B /* connecting.tiff in Resources */ = {isa = PBXBuildFile; fileRef = 96EB2828138A04DF00D02D6B /* connecting.tiff */; };
		96EF2B9E1384E2E8002A755A /* build_success.tiff in Resources */ = {isa = PBXBuildFile; fileRef = 96EF2B9D1384E2E8002A755A /* build_success.tiff */; };
		96F678DD13CE753D003BFD59 /* JenxStartup.rb in Resources */ = {isa = PBXBuildFile; fileRef = 96F678DC13CE753D003BFD59 /* JenxStartup.rb */; };
		96FB0083138642C4001EB442 /* JenxPreferences.rb in Resources */ = {isa = PBXBuildFile; fileRef = 96FB0082138642C4001EB442 /* JenxPreferences.rb */; };
/* End PBXBuildFile section */

/* Begin PBXFileReference section */
		96512B6C13CBD75A0028D5A8 /* JenxNotificationCenter.rb */ = {isa = PBXFileReference; fileEncoding = 4; lastKnownFileType = text.script.ruby; path = JenxNotificationCenter.rb; sourceTree = "<group>"; };
		96512B6F13CBE2610028D5A8 /* jenx_failure.tiff */ = {isa = PBXFileReference; lastKnownFileType = image.tiff; name = jenx_failure.tiff; path = images/jenx_failure.tiff; sourceTree = "<group>"; };
		96512B7013CBE2610028D5A8 /* jenx_success.tiff */ = {isa = PBXFileReference; lastKnownFileType = image.tiff; name = jenx_success.tiff; path = images/jenx_success.tiff; sourceTree = "<group>"; };
		9654D81F13CAD9AD00FC2602 /* jenx.icns */ = {isa = PBXFileReference; lastKnownFileType = image.icns; name = jenx.icns; path = images/jenx.icns; sourceTree = "<group>"; };
		96801661138A3BB800050ED2 /* Growl.framework */ = {isa = PBXFileReference; lastKnownFileType = wrapper.framework; name = Growl.framework; path = Library/Frameworks/Growl.framework; sourceTree = SDKROOT; };
		9680166E138A3CDA00050ED2 /* Growl Registration Ticket.growlRegDict */ = {isa = PBXFileReference; fileEncoding = 4; lastKnownFileType = text.xml; path = "Growl Registration Ticket.growlRegDict"; sourceTree = "<group>"; };
		96801688138B26F500050ED2 /* JenxConnectionManager.rb */ = {isa = PBXFileReference; fileEncoding = 4; lastKnownFileType = text.script.ruby; path = JenxConnectionManager.rb; sourceTree = "<group>"; };
		9680168B138B6A2800050ED2 /* JenxConnection.rb */ = {isa = PBXFileReference; fileEncoding = 4; lastKnownFileType = text.script.ruby; path = JenxConnection.rb; sourceTree = "<group>"; };
		96803B6B1384B19300D5DD90 /* refresh.png */ = {isa = PBXFileReference; lastKnownFileType = image.png; name = refresh.png; path = images/refresh.png; sourceTree = "<group>"; };
		96803B6D1384B79F00D5DD90 /* projects.png */ = {isa = PBXFileReference; lastKnownFileType = image.png; name = projects.png; path = images/projects.png; sourceTree = "<group>"; };
		96803B8A1384CA3B00D5DD90 /* build_initiated.tiff */ = {isa = PBXFileReference; lastKnownFileType = image.tiff; name = build_initiated.tiff; path = images/build_initiated.tiff; sourceTree = "<group>"; };
		96803B8C1384CB4000D5DD90 /* app.tiff */ = {isa = PBXFileReference; lastKnownFileType = image.tiff; name = app.tiff; path = images/app.tiff; sourceTree = "<group>"; };
		96803B8D1384CB4000D5DD90 /* build_failure.tiff */ = {isa = PBXFileReference; lastKnownFileType = image.tiff; name = build_failure.tiff; path = images/build_failure.tiff; sourceTree = "<group>"; };
		96B6FD0013860BB8009C1021 /* PreferencesGeneralView.xib */ = {isa = PBXFileReference; fileEncoding = 4; lastKnownFileType = file.xib; path = PreferencesGeneralView.xib; sourceTree = "<group>"; };
		96B6FD0313860F95009C1021 /* PreferencesGeneralViewController.rb */ = {isa = PBXFileReference; fileEncoding = 4; lastKnownFileType = text.script.ruby; path = PreferencesGeneralViewController.rb; sourceTree = "<group>"; };
		96B6FD0513861B97009C1021 /* PreferencesController.rb */ = {isa = PBXFileReference; fileEncoding = 4; lastKnownFileType = text.script.ruby; path = PreferencesController.rb; sourceTree = "<group>"; };
		96B6FD0713862428009C1021 /* JenxConstants.rb */ = {isa = PBXFileReference; fileEncoding = 4; lastKnownFileType = text.script.ruby; path = JenxConstants.rb; sourceTree = "<group>"; };
		96CCF17F13838DD50010CC22 /* jenx.app */ = {isa = PBXFileReference; explicitFileType = wrapper.application; includeInIndex = 0; path = jenx.app; sourceTree = BUILT_PRODUCTS_DIR; };
		96CCF18313838DD50010CC22 /* Cocoa.framework */ = {isa = PBXFileReference; lastKnownFileType = wrapper.framework; name = Cocoa.framework; path = System/Library/Frameworks/Cocoa.framework; sourceTree = SDKROOT; };
		96CCF18513838DD50010CC22 /* MacRuby.framework */ = {isa = PBXFileReference; lastKnownFileType = wrapper.framework; name = MacRuby.framework; path = System/Library/Frameworks/MacRuby.framework; sourceTree = SDKROOT; };
		96CCF18A13838DD50010CC22 /* jenx-Info.plist */ = {isa = PBXFileReference; lastKnownFileType = text.plist.xml; path = "jenx-Info.plist"; sourceTree = "<group>"; };
		96CCF18C13838DD50010CC22 /* en */ = {isa = PBXFileReference; lastKnownFileType = text.plist.strings; name = en; path = en.lproj/InfoPlist.strings; sourceTree = "<group>"; };
		96CCF18E13838DD50010CC22 /* jenx-Prefix.pch */ = {isa = PBXFileReference; lastKnownFileType = sourcecode.c.h; path = "jenx-Prefix.pch"; sourceTree = "<group>"; };
		96CCF18F13838DD50010CC22 /* main.m */ = {isa = PBXFileReference; lastKnownFileType = sourcecode.c.objc; path = main.m; sourceTree = "<group>"; };
		96CCF19313838DD50010CC22 /* en */ = {isa = PBXFileReference; lastKnownFileType = file.xib; name = en; path = en.lproj/Jenx.xib; sourceTree = "<group>"; };
		96CCF19613838DD50010CC22 /* rb_main.rb */ = {isa = PBXFileReference; lastKnownFileType = text.script.ruby; path = rb_main.rb; sourceTree = "<group>"; };
		96CCF19813838DD50010CC22 /* Jenx.rb */ = {isa = PBXFileReference; lastKnownFileType = text.script.ruby; path = Jenx.rb; sourceTree = "<group>"; };
		96EB2828138A04DF00D02D6B /* connecting.tiff */ = {isa = PBXFileReference; lastKnownFileType = image.tiff; name = connecting.tiff; path = images/connecting.tiff; sourceTree = "<group>"; };
		96EF2B9D1384E2E8002A755A /* build_success.tiff */ = {isa = PBXFileReference; lastKnownFileType = image.tiff; name = build_success.tiff; path = images/build_success.tiff; sourceTree = "<group>"; };
		96F678DC13CE753D003BFD59 /* JenxStartup.rb */ = {isa = PBXFileReference; fileEncoding = 4; lastKnownFileType = text.script.ruby; path = JenxStartup.rb; sourceTree = "<group>"; };
		96FB0082138642C4001EB442 /* JenxPreferences.rb */ = {isa = PBXFileReference; fileEncoding = 4; lastKnownFileType = text.script.ruby; path = JenxPreferences.rb; sourceTree = "<group>"; };
/* End PBXFileReference section */

/* Begin PBXFrameworksBuildPhase section */
		96CCF17C13838DD50010CC22 /* Frameworks */ = {
			isa = PBXFrameworksBuildPhase;
			buildActionMask = 2147483647;
			files = (
				96801662138A3BB800050ED2 /* Growl.framework in Frameworks */,
				96CCF18413838DD50010CC22 /* Cocoa.framework in Frameworks */,
				96CCF18613838DD50010CC22 /* MacRuby.framework in Frameworks */,
			);
			runOnlyForDeploymentPostprocessing = 0;
		};
/* End PBXFrameworksBuildPhase section */

/* Begin PBXGroup section */
		96803B891384CA0600D5DD90 /* Icons */ = {
			isa = PBXGroup;
			children = (
				96512B6F13CBE2610028D5A8 /* jenx_failure.tiff */,
				96512B7013CBE2610028D5A8 /* jenx_success.tiff */,
				9654D81F13CAD9AD00FC2602 /* jenx.icns */,
				96EB2828138A04DF00D02D6B /* connecting.tiff */,
				96803B8C1384CB4000D5DD90 /* app.tiff */,
				96EF2B9D1384E2E8002A755A /* build_success.tiff */,
				96803B8D1384CB4000D5DD90 /* build_failure.tiff */,
				96803B8A1384CA3B00D5DD90 /* build_initiated.tiff */,
				96803B6D1384B79F00D5DD90 /* projects.png */,
				96803B6B1384B19300D5DD90 /* refresh.png */,
			);
			name = Icons;
			sourceTree = "<group>";
		};
		96B6FD09138626E2009C1021 /* Controllers */ = {
			isa = PBXGroup;
			children = (
				96B6FD0513861B97009C1021 /* PreferencesController.rb */,
				96B6FD0313860F95009C1021 /* PreferencesGeneralViewController.rb */,
			);
			name = Controllers;
			sourceTree = "<group>";
		};
		96B6FD0A138626F3009C1021 /* Assets */ = {
			isa = PBXGroup;
			children = (
				9680166E138A3CDA00050ED2 /* Growl Registration Ticket.growlRegDict */,
				96803B891384CA0600D5DD90 /* Icons */,
			);
			name = Assets;
			sourceTree = "<group>";
		};
		96CCF17413838DD50010CC22 = {
			isa = PBXGroup;
			children = (
				96CCF18813838DD50010CC22 /* jenx */,
				96CCF18213838DD50010CC22 /* Frameworks */,
				96CCF18013838DD50010CC22 /* Products */,
			);
			sourceTree = "<group>";
		};
		96CCF18013838DD50010CC22 /* Products */ = {
			isa = PBXGroup;
			children = (
				96CCF17F13838DD50010CC22 /* jenx.app */,
			);
			name = Products;
			sourceTree = "<group>";
		};
		96CCF18213838DD50010CC22 /* Frameworks */ = {
			isa = PBXGroup;
			children = (
				96801661138A3BB800050ED2 /* Growl.framework */,
				96CCF18313838DD50010CC22 /* Cocoa.framework */,
				96CCF18513838DD50010CC22 /* MacRuby.framework */,
			);
			name = Frameworks;
			sourceTree = "<group>";
		};
		96CCF18813838DD50010CC22 /* jenx */ = {
			isa = PBXGroup;
			children = (
				96CCF19813838DD50010CC22 /* Jenx.rb */,
				96B6FD0A138626F3009C1021 /* Assets */,
				96B6FD09138626E2009C1021 /* Controllers */,
				96FB008013864264001EB442 /* Classes */,
				96CCF19113838DD50010CC22 /* Views */,
				96CCF19513838DD50010CC22 /* Other Sources */,
				96CCF18913838DD50010CC22 /* Supporting Files */,
			);
			path = jenx;
			sourceTree = "<group>";
		};
		96CCF18913838DD50010CC22 /* Supporting Files */ = {
			isa = PBXGroup;
			children = (
				96CCF18A13838DD50010CC22 /* jenx-Info.plist */,
				96CCF18B13838DD50010CC22 /* InfoPlist.strings */,
				96CCF18E13838DD50010CC22 /* jenx-Prefix.pch */,
				96CCF18F13838DD50010CC22 /* main.m */,
			);
			name = "Supporting Files";
			sourceTree = "<group>";
		};
		96CCF19113838DD50010CC22 /* Views */ = {
			isa = PBXGroup;
			children = (
				96CCF19213838DD50010CC22 /* Jenx.xib */,
				96B6FD0013860BB8009C1021 /* PreferencesGeneralView.xib */,
			);
			name = Views;
			sourceTree = "<group>";
		};
		96CCF19513838DD50010CC22 /* Other Sources */ = {
			isa = PBXGroup;
			children = (
				96CCF19613838DD50010CC22 /* rb_main.rb */,
			);
			name = "Other Sources";
			sourceTree = "<group>";
		};
		96FB008013864264001EB442 /* Classes */ = {
			isa = PBXGroup;
			children = (
				96B6FD0713862428009C1021 /* JenxConstants.rb */,
				96FB0082138642C4001EB442 /* JenxPreferences.rb */,
				9680168B138B6A2800050ED2 /* JenxConnection.rb */,
				96801688138B26F500050ED2 /* JenxConnectionManager.rb */,
				96512B6C13CBD75A0028D5A8 /* JenxNotificationCenter.rb */,
				96F678DC13CE753D003BFD59 /* JenxStartup.rb */,
			);
			name = Classes;
			sourceTree = "<group>";
		};
/* End PBXGroup section */

/* Begin PBXLegacyTarget section */
		96CCF18713838DD50010CC22 /* Deployment */ = {
			isa = PBXLegacyTarget;
			buildArgumentsString = "--compile --embed";
			buildConfigurationList = 96CCF19F13838DD50010CC22 /* Build configuration list for PBXLegacyTarget "Deployment" */;
			buildPhases = (
			);
			buildToolPath = /usr/local/bin/macruby_deploy;
			dependencies = (
			);
			name = Deployment;
			passBuildSettingsInEnvironment = 1;
			productName = Deployment;
		};
/* End PBXLegacyTarget section */

/* Begin PBXNativeTarget section */
		96CCF17E13838DD50010CC22 /* jenx */ = {
			isa = PBXNativeTarget;
			buildConfigurationList = 96CCF19C13838DD50010CC22 /* Build configuration list for PBXNativeTarget "jenx" */;
			buildPhases = (
				96CCF17B13838DD50010CC22 /* Sources */,
				96CCF17C13838DD50010CC22 /* Frameworks */,
				96CCF17D13838DD50010CC22 /* Resources */,
			);
			buildRules = (
			);
			dependencies = (
			);
			name = jenx;
			productName = jenx;
			productReference = 96CCF17F13838DD50010CC22 /* jenx.app */;
			productType = "com.apple.product-type.application";
		};
/* End PBXNativeTarget section */

/* Begin PBXProject section */
		96CCF17613838DD50010CC22 /* Project object */ = {
			isa = PBXProject;
			attributes = {
				ORGANIZATIONNAME = "Urban Coding";
			};
			buildConfigurationList = 96CCF17913838DD50010CC22 /* Build configuration list for PBXProject "jenx" */;
			compatibilityVersion = "Xcode 3.2";
			developmentRegion = English;
			hasScannedForEncodings = 0;
			knownRegions = (
				en,
			);
			mainGroup = 96CCF17413838DD50010CC22;
			productRefGroup = 96CCF18013838DD50010CC22 /* Products */;
			projectDirPath = "";
			projectRoot = "";
			targets = (
				96CCF17E13838DD50010CC22 /* jenx */,
				96CCF18713838DD50010CC22 /* Deployment */,
			);
		};
/* End PBXProject section */

/* Begin PBXResourcesBuildPhase section */
		96CCF17D13838DD50010CC22 /* Resources */ = {
			isa = PBXResourcesBuildPhase;
			buildActionMask = 2147483647;
			files = (
				96CCF18D13838DD50010CC22 /* InfoPlist.strings in Resources */,
				96CCF19413838DD50010CC22 /* Jenx.xib in Resources */,
				96CCF19713838DD50010CC22 /* rb_main.rb in Resources */,
				96CCF19913838DD50010CC22 /* Jenx.rb in Resources */,
				96803B6C1384B19300D5DD90 /* refresh.png in Resources */,
				96803B6E1384B79F00D5DD90 /* projects.png in Resources */,
				96803B8B1384CA3B00D5DD90 /* build_initiated.tiff in Resources */,
				96803B8E1384CB4000D5DD90 /* app.tiff in Resources */,
				96803B8F1384CB4000D5DD90 /* build_failure.tiff in Resources */,
				96EF2B9E1384E2E8002A755A /* build_success.tiff in Resources */,
				96B6FD0113860BB8009C1021 /* PreferencesGeneralView.xib in Resources */,
				96B6FD0413860F95009C1021 /* PreferencesGeneralViewController.rb in Resources */,
				96B6FD0613861B97009C1021 /* PreferencesController.rb in Resources */,
				96B6FD0813862428009C1021 /* JenxConstants.rb in Resources */,
				96FB0083138642C4001EB442 /* JenxPreferences.rb in Resources */,
				96EB2829138A04DF00D02D6B /* connecting.tiff in Resources */,
				9680166F138A3CDA00050ED2 /* Growl Registration Ticket.growlRegDict in Resources */,
				96801689138B26F500050ED2 /* JenxConnectionManager.rb in Resources */,
				9680168C138B6A2800050ED2 /* JenxConnection.rb in Resources */,
				9654D82013CAD9AD00FC2602 /* jenx.icns in Resources */,
				96512B6D13CBD75A0028D5A8 /* JenxNotificationCenter.rb in Resources */,
				96512B7113CBE2610028D5A8 /* jenx_failure.tiff in Resources */,
				96512B7213CBE2610028D5A8 /* jenx_success.tiff in Resources */,
				96F678DD13CE753D003BFD59 /* JenxStartup.rb in Resources */,
			);
			runOnlyForDeploymentPostprocessing = 0;
		};
/* End PBXResourcesBuildPhase section */

/* Begin PBXSourcesBuildPhase section */
		96CCF17B13838DD50010CC22 /* Sources */ = {
			isa = PBXSourcesBuildPhase;
			buildActionMask = 2147483647;
			files = (
				96CCF19013838DD50010CC22 /* main.m in Sources */,
			);
			runOnlyForDeploymentPostprocessing = 0;
		};
/* End PBXSourcesBuildPhase section */

/* Begin PBXVariantGroup section */
		96CCF18B13838DD50010CC22 /* InfoPlist.strings */ = {
			isa = PBXVariantGroup;
			children = (
				96CCF18C13838DD50010CC22 /* en */,
			);
			name = InfoPlist.strings;
			sourceTree = "<group>";
		};
		96CCF19213838DD50010CC22 /* Jenx.xib */ = {
			isa = PBXVariantGroup;
			children = (
				96CCF19313838DD50010CC22 /* en */,
			);
			name = Jenx.xib;
			sourceTree = "<group>";
		};
/* End PBXVariantGroup section */

/* Begin XCBuildConfiguration section */
		96CCF19A13838DD50010CC22 /* Debug */ = {
			isa = XCBuildConfiguration;
			buildSettings = {
				ARCHS = "$(ARCHS_STANDARD_32_64_BIT)";
				GCC_C_LANGUAGE_STANDARD = gnu99;
				GCC_OPTIMIZATION_LEVEL = 0;
				GCC_PREPROCESSOR_DEFINITIONS = DEBUG;
				GCC_SYMBOLS_PRIVATE_EXTERN = NO;
				GCC_VERSION = com.apple.compilers.llvm.clang.1_0;
				GCC_WARN_64_TO_32_BIT_CONVERSION = YES;
				GCC_WARN_ABOUT_RETURN_TYPE = YES;
				GCC_WARN_UNUSED_VARIABLE = YES;
				MACOSX_DEPLOYMENT_TARGET = 10.6;
				ONLY_ACTIVE_ARCH = YES;
				SDKROOT = macosx;
				VALID_ARCHS = x86_64;
			};
			name = Debug;
		};
		96CCF19B13838DD50010CC22 /* Release */ = {
			isa = XCBuildConfiguration;
			buildSettings = {
				ARCHS = "$(ARCHS_STANDARD_32_64_BIT)";
				GCC_C_LANGUAGE_STANDARD = gnu99;
				GCC_VERSION = com.apple.compilers.llvm.clang.1_0;
				GCC_WARN_64_TO_32_BIT_CONVERSION = YES;
				GCC_WARN_ABOUT_RETURN_TYPE = YES;
				GCC_WARN_UNUSED_VARIABLE = YES;
				MACOSX_DEPLOYMENT_TARGET = 10.6;
				SDKROOT = macosx;
				VALID_ARCHS = x86_64;
			};
			name = Release;
		};
		96CCF19D13838DD50010CC22 /* Debug */ = {
			isa = XCBuildConfiguration;
			buildSettings = {
				ALWAYS_SEARCH_USER_PATHS = NO;
				ARCHS = "$(NATIVE_ARCH_ACTUAL)";
				COPY_PHASE_STRIP = NO;
				GCC_DYNAMIC_NO_PIC = NO;
				GCC_ENABLE_OBJC_EXCEPTIONS = YES;
				GCC_ENABLE_OBJC_GC = required;
				GCC_PRECOMPILE_PREFIX_HEADER = YES;
				GCC_PREFIX_HEADER = "jenx/jenx-Prefix.pch";
				INFOPLIST_FILE = "jenx/jenx-Info.plist";
				PRODUCT_NAME = jenx;
				VALID_ARCHS = x86_64;
				WRAPPER_EXTENSION = app;
			};
			name = Debug;
		};
		96CCF19E13838DD50010CC22 /* Release */ = {
			isa = XCBuildConfiguration;
			buildSettings = {
				ALWAYS_SEARCH_USER_PATHS = NO;
				ARCHS = "$(NATIVE_ARCH_ACTUAL)";
				COPY_PHASE_STRIP = YES;
				DEBUG_INFORMATION_FORMAT = "dwarf-with-dsym";
				GCC_ENABLE_OBJC_EXCEPTIONS = YES;
				GCC_ENABLE_OBJC_GC = required;
				GCC_PRECOMPILE_PREFIX_HEADER = YES;
				GCC_PREFIX_HEADER = "jenx/jenx-Prefix.pch";
				INFOPLIST_FILE = "jenx/jenx-Info.plist";
				PRODUCT_NAME = jenx;
				VALID_ARCHS = x86_64;
				WRAPPER_EXTENSION = app;
			};
			name = Release;
		};
		96CCF1A013838DD50010CC22 /* Debug */ = {
			isa = XCBuildConfiguration;
			buildSettings = {
			};
			name = Debug;
		};
		96CCF1A113838DD50010CC22 /* Release */ = {
			isa = XCBuildConfiguration;
			buildSettings = {
			};
			name = Release;
		};
/* End XCBuildConfiguration section */

/* Begin XCConfigurationList section */
		96CCF17913838DD50010CC22 /* Build configuration list for PBXProject "jenx" */ = {
			isa = XCConfigurationList;
			buildConfigurations = (
				96CCF19A13838DD50010CC22 /* Debug */,
				96CCF19B13838DD50010CC22 /* Release */,
			);
			defaultConfigurationIsVisible = 0;
			defaultConfigurationName = Release;
		};
		96CCF19C13838DD50010CC22 /* Build configuration list for PBXNativeTarget "jenx" */ = {
			isa = XCConfigurationList;
			buildConfigurations = (
				96CCF19D13838DD50010CC22 /* Debug */,
				96CCF19E13838DD50010CC22 /* Release */,
			);
			defaultConfigurationIsVisible = 0;
			defaultConfigurationName = Release;
		};
		96CCF19F13838DD50010CC22 /* Build configuration list for PBXLegacyTarget "Deployment" */ = {
			isa = XCConfigurationList;
			buildConfigurations = (
				96CCF1A013838DD50010CC22 /* Debug */,
				96CCF1A113838DD50010CC22 /* Release */,
			);
			defaultConfigurationIsVisible = 0;
			defaultConfigurationName = Release;
		};
/* End XCConfigurationList section */
	};
	rootObject = 96CCF17613838DD50010CC22 /* Project object */;
}
